# This file was autogenerated by Stack.
# You should not edit this file by hand.
# For more information, please see the documentation at:
#   https://docs.haskellstack.org/en/stable/lock_files

packages:
- completed:
    commit: acbdfd864b7e574dfbe1595fbdcd154563b2a0ef
    git: https://github.com/hpacheco/gloss-juicy.git
    name: gloss-juicy
    pantry-tree:
      sha256: 48286cf4c310a07ae5ca7d3b3b9c0d995c24b4195191006562d70c52a24a6f8e
      size: 373
    version: 0.2.4
  original:
    commit: acbdfd864b7e574dfbe1595fbdcd154563b2a0ef
    git: https://github.com/hpacheco/gloss-juicy.git
- completed:
    hackage: tinyfiledialogs-0.2.1.0@sha256:118f9fd7b721de68f1e84c8b820784e31140bf34e32f23fd6410fb57914a309c,1905
    pantry-tree:
      sha256: 518def606ee59dad71b77dec20a9dc55072bdd8fe2194a0ccfca2b2afee1767e
      size: 482
  original:
    hackage: tinyfiledialogs-0.2.1.0
- completed:
    hackage: GLFW-b-1.4.8.4@sha256:b35242b401ac3235753f2bdfdfd07981f531e1d0457928caafb1db3801df40bc,2284
    pantry-tree:
      sha256: 8100262bac57570cc0d33cee874a6a1bcfcffdad224bbf6eea33c0032fd9fa52
      size: 482
  original:
    hackage: GLFW-b-1.4.8.4@sha256:b35242b401ac3235753f2bdfdfd07981f531e1d0457928caafb1db3801df40bc,2284
- completed:
    commit: 1d862e719c335e13a1fca8a5b41dc3e4b121c40b
    git: https://github.com/BenStokmans/sdl2-extra
    name: sdl2-extra
    pantry-tree:
      sha256: 277046949c2f84058b4f8bcda8b03e475bf04d01240e647a7494429d2a08a5df
      size: 1018
    version: 1.2.0
  original:
    commit: 1d862e719c335e13a1fca8a5b41dc3e4b121c40b
    git: https://github.com/BenStokmans/sdl2-extra
snapshots:
- completed:
    sha256: 1d663bec402f77fa09fa3e8cf288c3c7eb18a1f28a5e0c331ac47adeacd21346
    size: 640034
    url: https://raw.githubusercontent.com/commercialhaskell/stackage-snapshots/master/lts/21/16.yaml
  original:
    url: https://raw.githubusercontent.com/commercialhaskell/stackage-snapshots/master/lts/21/16.yaml
